PODS:
  - PureLayout (3.1.4)
  - YYCategories (1.0.4):
    - YYCategories/no-arc (= 1.0.4)
  - YYCategories/no-arc (1.0.4)

DEPENDENCIES:
  - PureLayout
  - YYCategories

SPEC REPOS:
  https://github.com/cocoapods/specs.git:
    - PureLayout
    - YYCategories

SPEC CHECKSUMS:
  PureLayout: f08c01b8dec00bb14a1fefa3de4c7d9c265df85e
  YYCategories: 6bcd4314c6661a561410dce4a793379ebd306abd

PODFILE CHECKSUM: dc68aea9b8a198300ca0a919ba179a41e32b2964

COCOAPODS: 1.6.1
